
Microsoft Visual Studio Solution File, Format Version 12.00
# Visual Studio Version 16
VisualStudioVersion = 16.0.31624.102
MinimumVisualStudioVersion = 10.0.40219.1
Project("{FAE04EC0-301F-11D3-BF4B-00C04F79EFBC}") = "Lab13", "Lab13.csproj", "{4B2AABAE-65B5-4BBC-871A-6AAB6EF9EABD}"
EndProject
Global
	GlobalSection(SolutionConfigurationPlatforms) = preSolution
		Debug|Any CPU = Debug|Any CPU
		Release|Any CPU = Release|Any CPU
	EndGlobalSection
	GlobalSection(ProjectConfigurationPlatforms) = postSolution
		{4B2AABAE-65B5-4BBC-871A-6AAB6EF9EABD}.Debug|Any CPU.ActiveCfg = Debug|Any CPU
		{4B2AABAE-65B5-4BBC-871A-6AAB6EF9EABD}.Debug|Any CPU.Build.0 = Debug|Any CPU
		{4B2AABAE-65B5-4BBC-871A-6AAB6EF9EABD}.Release|Any CPU.ActiveCfg = Release|Any CPU
		{4B2AABAE-65B5-4BBC-871A-6AAB6EF9EABD}.Release|Any CPU.Build.0 = Release|Any CPU
	EndGlobalSection
	GlobalSection(SolutionProperties) = preSolution
		HideSolutionNode = FALSE
	EndGlobalSection
	GlobalSection(ExtensibilityGlobals) = postSolution
		SolutionGuid = {60FABAF1-86B8-4C0F-9AFA-AA6B1CD355E4}
	EndGlobalSection
EndGlobal
